
Microsoft Visual Studio Solution File, Format Version 12.00
# Visual Studio Version 17
VisualStudioVersion = 17.0.31903.59
MinimumVisualStudioVersion = 10.0.40219.1
Project("{FAE04EC0-301F-11D3-BF4B-00C04F79EFBC}") = "DChess.Core", "src\DChess.Core\DChess.Core.csproj", "{493591F5-A377-47E6-85B7-5014D283C56D}"
EndProject
Project("{FAE04EC0-301F-11D3-BF4B-00C04F79EFBC}") = "DChess.Test.Unit", "test\DChess.Test.Unit\DChess.Test.Unit.csproj", "{45DC4E6F-9FCC-40DA-940C-598E5D6CC403}"
EndProject
Project("{2150E333-8FDC-42A3-9474-1A3956D46DE8}") = "Documentation", "Documentation", "{1228C210-6FEA-42DE-BAE9-A32179072B53}"
	ProjectSection(SolutionItems) = preProject
		README.md = README.md
	EndProjectSection
EndProject
Project("{FAE04EC0-301F-11D3-BF4B-00C04F79EFBC}") = "DChess.UI.Console", "src\DChess.UI.Console\DChess.UI.Console.csproj", "{4512A66F-4FB7-4A3A-8E95-413959B6EA8E}"
EndProject
Project("{FAE04EC0-301F-11D3-BF4B-00C04F79EFBC}") = "DChess.Function", "DChess.Function\DChess.Function.csproj", "{F6F9749B-52E0-4438-97C6-07877ECD2AD8}"
EndProject
Project("{2150E333-8FDC-42A3-9474-1A3956D46DE8}") = "src", "src", "{E4DA84D8-E20F-4708-A07A-9AB5F4BCE10B}"
EndProject
Project("{FAE04EC0-301F-11D3-BF4B-00C04F79EFBC}") = "DChess.UI.WPF", "src\DChess.UI.WPF\DChess.UI.WPF.csproj", "{74D1A3E8-D34C-4EB6-963A-C827252E84FC}"
EndProject
Global
	GlobalSection(SolutionConfigurationPlatforms) = preSolution
		Debug|Any CPU = Debug|Any CPU
		Release|Any CPU = Release|Any CPU
	EndGlobalSection
	GlobalSection(SolutionProperties) = preSolution
		HideSolutionNode = FALSE
	EndGlobalSection
	GlobalSection(ProjectConfigurationPlatforms) = postSolution
		{493591F5-A377-47E6-85B7-5014D283C56D}.Debug|Any CPU.ActiveCfg = Debug|Any CPU
		{493591F5-A377-47E6-85B7-5014D283C56D}.Debug|Any CPU.Build.0 = Debug|Any CPU
		{493591F5-A377-47E6-85B7-5014D283C56D}.Release|Any CPU.ActiveCfg = Release|Any CPU
		{493591F5-A377-47E6-85B7-5014D283C56D}.Release|Any CPU.Build.0 = Release|Any CPU
		{45DC4E6F-9FCC-40DA-940C-598E5D6CC403}.Debug|Any CPU.ActiveCfg = Debug|Any CPU
		{45DC4E6F-9FCC-40DA-940C-598E5D6CC403}.Debug|Any CPU.Build.0 = Debug|Any CPU
		{45DC4E6F-9FCC-40DA-940C-598E5D6CC403}.Release|Any CPU.ActiveCfg = Release|Any CPU
		{45DC4E6F-9FCC-40DA-940C-598E5D6CC403}.Release|Any CPU.Build.0 = Release|Any CPU
		{4512A66F-4FB7-4A3A-8E95-413959B6EA8E}.Debug|Any CPU.ActiveCfg = Debug|Any CPU
		{4512A66F-4FB7-4A3A-8E95-413959B6EA8E}.Debug|Any CPU.Build.0 = Debug|Any CPU
		{4512A66F-4FB7-4A3A-8E95-413959B6EA8E}.Release|Any CPU.ActiveCfg = Release|Any CPU
		{4512A66F-4FB7-4A3A-8E95-413959B6EA8E}.Release|Any CPU.Build.0 = Release|Any CPU
		{F6F9749B-52E0-4438-97C6-07877ECD2AD8}.Debug|Any CPU.ActiveCfg = Debug|Any CPU
		{F6F9749B-52E0-4438-97C6-07877ECD2AD8}.Debug|Any CPU.Build.0 = Debug|Any CPU
		{F6F9749B-52E0-4438-97C6-07877ECD2AD8}.Release|Any CPU.ActiveCfg = Release|Any CPU
		{F6F9749B-52E0-4438-97C6-07877ECD2AD8}.Release|Any CPU.Build.0 = Release|Any CPU
		{74D1A3E8-D34C-4EB6-963A-C827252E84FC}.Debug|Any CPU.ActiveCfg = Debug|Any CPU
		{74D1A3E8-D34C-4EB6-963A-C827252E84FC}.Debug|Any CPU.Build.0 = Debug|Any CPU
		{74D1A3E8-D34C-4EB6-963A-C827252E84FC}.Release|Any CPU.ActiveCfg = Release|Any CPU
		{74D1A3E8-D34C-4EB6-963A-C827252E84FC}.Release|Any CPU.Build.0 = Release|Any CPU
	EndGlobalSection
	GlobalSection(NestedProjects) = preSolution
		{74D1A3E8-D34C-4EB6-963A-C827252E84FC} = {E4DA84D8-E20F-4708-A07A-9AB5F4BCE10B}
	EndGlobalSection
EndGlobal
